schema: '2.0'
stages:
  ingestion:
    cmd: python main.py --stage ingestion
    deps:
    - path: config/config.yaml
      hash: md5
      md5: 4063af71f8f9e589aea822c216eb166b
      size: 1783
    - path: data/raw/youtube-comments-sentiment.csv
      hash: md5
      md5: 140c4ad50348b2b04fc6c112819c517e
      size: 445484444
    - path: logging_/logger_.py
      hash: md5
      md5: 84a5399439b218b88ff5644e602a122b
      size: 1148
    - path: main.py
      hash: md5
      md5: 883875f690639c01eb75efe71141c042
      size: 1642
    - path: src/Sentiment_analysis/components/data_ingestion.py
      hash: md5
      md5: 1911e553bd36dd9dc185f0c7832082df
      size: 2171
    - path: src/Sentiment_analysis/config/config.py
      hash: md5
      md5: a9e91fba6e472396ad99ddbcb514c614
      size: 3598
    - path: src/Sentiment_analysis/entity/entity.py
      hash: md5
      md5: d2067a86be7f93c98c676a9117180b23
      size: 1051
    - path: src/Sentiment_analysis/pipeline/pipeline_01_data_ingestion.py
      hash: md5
      md5: b86c300808a1e15ec8844b08c5ec320d
      size: 420
    - path: src/Sentiment_analysis/utils/common.py
      hash: md5
      md5: 5a67acd48f49f3341d39acebefd2fb78
      size: 1969
    outs:
    - path: artifacts/data_ingestion
      hash: md5
      md5: 74c0bfa1d015fd163bc3b510edbb281f.dir
      size: 312
      nfiles: 1
  validation:
    cmd: python main.py --stage validation
    deps:
    - path: artifacts/data_ingestion
      hash: md5
      md5: 74c0bfa1d015fd163bc3b510edbb281f.dir
      size: 312
      nfiles: 1
    - path: config/config.yaml
      hash: md5
      md5: 4063af71f8f9e589aea822c216eb166b
      size: 1783
    - path: data/raw/youtube-comments-sentiment.csv
      hash: md5
      md5: 140c4ad50348b2b04fc6c112819c517e
      size: 445484444
    - path: logging_/logger_.py
      hash: md5
      md5: 84a5399439b218b88ff5644e602a122b
      size: 1148
    - path: main.py
      hash: md5
      md5: 883875f690639c01eb75efe71141c042
      size: 1642
    - path: src/Sentiment_analysis/components/data_validation.py
      hash: md5
      md5: 08764e70b5b95caacbd2476250cad1a2
      size: 4979
    - path: src/Sentiment_analysis/config/config.py
      hash: md5
      md5: a9e91fba6e472396ad99ddbcb514c614
      size: 3598
    - path: src/Sentiment_analysis/entity/entity.py
      hash: md5
      md5: d2067a86be7f93c98c676a9117180b23
      size: 1051
    - path: src/Sentiment_analysis/pipeline/pipeline_02_data_validation.py
      hash: md5
      md5: 9e3b542459ea886adb4283e4e802a438
      size: 401
    - path: src/Sentiment_analysis/utils/common.py
      hash: md5
      md5: 5a67acd48f49f3341d39acebefd2fb78
      size: 1969
    outs:
    - path: artifacts/data_validation
      hash: md5
      md5: 636d7c9efd905b933501c28ebf25bd1b.dir
      size: 99533
      nfiles: 2
  preprocessing:
    cmd: python main.py --stage preprocessing
    deps:
    - path: artifacts/data_validation
      hash: md5
      md5: 636d7c9efd905b933501c28ebf25bd1b.dir
      size: 99533
      nfiles: 2
    - path: config/config.yaml
      hash: md5
      md5: 4063af71f8f9e589aea822c216eb166b
      size: 1783
    - path: config/params.yaml
      hash: md5
      md5: b762607742f031ff99933f338644c23d
      size: 226
    - path: data/raw/youtube-comments-sentiment.csv
      hash: md5
      md5: 140c4ad50348b2b04fc6c112819c517e
      size: 445484444
    - path: logging_/logger_.py
      hash: md5
      md5: 84a5399439b218b88ff5644e602a122b
      size: 1148
    - path: main.py
      hash: md5
      md5: 883875f690639c01eb75efe71141c042
      size: 1642
    - path: requirements-pipeline.txt
      hash: md5
      md5: 00120557b0bf1b433def73b08eef5051
      size: 140
    - path: src/Sentiment_analysis/components/data_preprocessing.py
      hash: md5
      md5: 9c3e25661a665398efd0b197dcae9202
      size: 7349
    - path: src/Sentiment_analysis/config/config.py
      hash: md5
      md5: a9e91fba6e472396ad99ddbcb514c614
      size: 3598
    - path: src/Sentiment_analysis/entity/entity.py
      hash: md5
      md5: d2067a86be7f93c98c676a9117180b23
      size: 1051
    - path: src/Sentiment_analysis/pipeline/pipeline_03_data_preprocessing.py
      hash: md5
      md5: 8353239c26683d40fc3135811a64a57d
      size: 416
    - path: src/Sentiment_analysis/utils/common.py
      hash: md5
      md5: 5a67acd48f49f3341d39acebefd2fb78
      size: 1969
    outs:
    - path: artifacts/data_preprocessing
      hash: md5
      md5: bb3ae9e3c97c39b648f59fe4d232a279.dir
      size: 181241592
      nfiles: 4
